
Microsoft Visual Studio Solution File, Format Version 12.00
# Visual Studio Version 18
VisualStudioVersion = 18.4.11626.88 stable
MinimumVisualStudioVersion = 10.0.40219.1
Project("{FAE04EC0-301F-11D3-BF4B-00C04F79EFBC}") = "HollywoodEditor", "HollywoodEditor.csproj", "{5D8E1275-FAC1-478C-9063-F50C268110B6}"
EndProject
Project("{54435603-DBB4-11D2-8724-00A0C9A8B90C}") = "Hollywood Editor", "..\Hollywood Editor\Hollywood Editor.vdproj", "{412072F9-B7D8-5D75-C863-627B097E7848}"
EndProject
Global
	GlobalSection(SolutionConfigurationPlatforms) = preSolution
		Debug|Any CPU = Debug|Any CPU
		Release|Any CPU = Release|Any CPU
	EndGlobalSection
	GlobalSection(ProjectConfigurationPlatforms) = postSolution
		{5D8E1275-FAC1-478C-9063-F50C268110B6}.Debug|Any CPU.ActiveCfg = Debug|Any CPU
		{5D8E1275-FAC1-478C-9063-F50C268110B6}.Debug|Any CPU.Build.0 = Debug|Any CPU
		{5D8E1275-FAC1-478C-9063-F50C268110B6}.Release|Any CPU.ActiveCfg = Release|Any CPU
		{5D8E1275-FAC1-478C-9063-F50C268110B6}.Release|Any CPU.Build.0 = Release|Any CPU
		{412072F9-B7D8-5D75-C863-627B097E7848}.Debug|Any CPU.ActiveCfg = Debug
		{412072F9-B7D8-5D75-C863-627B097E7848}.Release|Any CPU.ActiveCfg = Release
	EndGlobalSection
	GlobalSection(SolutionProperties) = preSolution
		HideSolutionNode = FALSE
	EndGlobalSection
	GlobalSection(ExtensibilityGlobals) = postSolution
		SolutionGuid = {C19C49AB-61CD-4254-B704-7332FBFDEFDA}
	EndGlobalSection
EndGlobal
